
Microsoft Visual Studio Solution File, Format Version 12.00
# Visual Studio Version 16
VisualStudioVersion = 16.0.31515.178
MinimumVisualStudioVersion = 10.0.40219.1
Project("{F184B08F-C81C-45F6-A57F-5ABD9991F28F}") = "RhinoPlugInVB", "Rhino\RhinoPlugInVB.vbproj", "{74D3F068-8FA2-4362-9AAF-0BD66854818F}"
EndProject
Project("{F184B08F-C81C-45F6-A57F-5ABD9991F28F}") = "UI-VB", "UI\UI-VB.vbproj", "{A5D26432-3DE1-4AF1-B1DD-072E19110D13}"
EndProject
Project("{F184B08F-C81C-45F6-A57F-5ABD9991F28F}") = "GUI-Tester", "GUI-Tester\GUI-Tester.vbproj", "{64B986C4-F26E-44B1-A16B-097B53922C0F}"
EndProject
Project("{F184B08F-C81C-45F6-A57F-5ABD9991F28F}") = "Responder", "Responder\Responder.vbproj", "{A1CDB92C-75FB-46A5-94E9-BB7C07259CCC}"
EndProject
Project("{F184B08F-C81C-45F6-A57F-5ABD9991F28F}") = "CNCVB", "CNC\CNCVB.vbproj", "{4427E953-8A5C-463E-8926-6EFF8397D138}"
	ProjectSection(ProjectDependencies) = postProject
		{A5D26432-3DE1-4AF1-B1DD-072E19110D13} = {A5D26432-3DE1-4AF1-B1DD-072E19110D13}
	EndProjectSection
EndProject
Project("{F184B08F-C81C-45F6-A57F-5ABD9991F28F}") = "AutoCADPlugin", "AutoCADPlugin\AutoCADPlugin.vbproj", "{8DB3058E-15D9-4265-BA2C-E025941D0C90}"
EndProject
Global
	GlobalSection(SolutionConfigurationPlatforms) = preSolution
		Debug|Any CPU = Debug|Any CPU
		Debug|Mixed Platforms = Debug|Mixed Platforms
		Debug|x64 = Debug|x64
		Debug|x86 = Debug|x86
		DebugCS|Any CPU = DebugCS|Any CPU
		DebugCS|Mixed Platforms = DebugCS|Mixed Platforms
		DebugCS|x64 = DebugCS|x64
		DebugCS|x86 = DebugCS|x86
		DebugGuiTester|Any CPU = DebugGuiTester|Any CPU
		DebugGuiTester|Mixed Platforms = DebugGuiTester|Mixed Platforms
		DebugGuiTester|x64 = DebugGuiTester|x64
		DebugGuiTester|x86 = DebugGuiTester|x86
		GUITest|Any CPU = GUITest|Any CPU
		GUITest|Mixed Platforms = GUITest|Mixed Platforms
		GUITest|x64 = GUITest|x64
		GUITest|x86 = GUITest|x86
		Release|Any CPU = Release|Any CPU
		Release|Mixed Platforms = Release|Mixed Platforms
		Release|x64 = Release|x64
		Release|x86 = Release|x86
		ReleaseCS|Any CPU = ReleaseCS|Any CPU
		ReleaseCS|Mixed Platforms = ReleaseCS|Mixed Platforms
		ReleaseCS|x64 = ReleaseCS|x64
		ReleaseCS|x86 = ReleaseCS|x86
	EndGlobalSection
	GlobalSection(ProjectConfigurationPlatforms) = postSolution
		{74D3F068-8FA2-4362-9AAF-0BD66854818F}.Debug|Any CPU.ActiveCfg = Debug|x64
		{74D3F068-8FA2-4362-9AAF-0BD66854818F}.Debug|Any CPU.Build.0 = Debug|x64
		{74D3F068-8FA2-4362-9AAF-0BD66854818F}.Debug|Mixed Platforms.ActiveCfg = Debug|Any CPU
		{74D3F068-8FA2-4362-9AAF-0BD66854818F}.Debug|Mixed Platforms.Build.0 = Debug|Any CPU
		{74D3F068-8FA2-4362-9AAF-0BD66854818F}.Debug|x64.ActiveCfg = Debug|x64
		{74D3F068-8FA2-4362-9AAF-0BD66854818F}.Debug|x64.Build.0 = Debug|x64
		{74D3F068-8FA2-4362-9AAF-0BD66854818F}.Debug|x86.ActiveCfg = Debug|x64
		{74D3F068-8FA2-4362-9AAF-0BD66854818F}.DebugCS|Any CPU.ActiveCfg = DebugGuiTester|Any CPU
		{74D3F068-8FA2-4362-9AAF-0BD66854818F}.DebugCS|Mixed Platforms.ActiveCfg = DebugGuiTester|Any CPU
		{74D3F068-8FA2-4362-9AAF-0BD66854818F}.DebugCS|x64.ActiveCfg = DebugGuiTester|x64
		{74D3F068-8FA2-4362-9AAF-0BD66854818F}.DebugCS|x86.ActiveCfg = GUITest|x86
		{74D3F068-8FA2-4362-9AAF-0BD66854818F}.DebugGuiTester|Any CPU.ActiveCfg = DebugGuiTester|Any CPU
		{74D3F068-8FA2-4362-9AAF-0BD66854818F}.DebugGuiTester|Any CPU.Build.0 = DebugGuiTester|Any CPU
		{74D3F068-8FA2-4362-9AAF-0BD66854818F}.DebugGuiTester|Mixed Platforms.ActiveCfg = DebugGuiTester|Any CPU
		{74D3F068-8FA2-4362-9AAF-0BD66854818F}.DebugGuiTester|x64.ActiveCfg = DebugGuiTester|x64
		{74D3F068-8FA2-4362-9AAF-0BD66854818F}.DebugGuiTester|x64.Build.0 = DebugGuiTester|x64
		{74D3F068-8FA2-4362-9AAF-0BD66854818F}.DebugGuiTester|x86.ActiveCfg = DebugGuiTester|x64
		{74D3F068-8FA2-4362-9AAF-0BD66854818F}.GUITest|Any CPU.ActiveCfg = GUITest|Any CPU
		{74D3F068-8FA2-4362-9AAF-0BD66854818F}.GUITest|Any CPU.Build.0 = GUITest|Any CPU
		{74D3F068-8FA2-4362-9AAF-0BD66854818F}.GUITest|Mixed Platforms.ActiveCfg = GUITest|x86
		{74D3F068-8FA2-4362-9AAF-0BD66854818F}.GUITest|x64.ActiveCfg = GUITest|x64
		{74D3F068-8FA2-4362-9AAF-0BD66854818F}.GUITest|x64.Build.0 = GUITest|x64
		{74D3F068-8FA2-4362-9AAF-0BD66854818F}.GUITest|x86.ActiveCfg = GUITest|x86
		{74D3F068-8FA2-4362-9AAF-0BD66854818F}.GUITest|x86.Build.0 = GUITest|x86
		{74D3F068-8FA2-4362-9AAF-0BD66854818F}.Release|Any CPU.ActiveCfg = Release|Any CPU
		{74D3F068-8FA2-4362-9AAF-0BD66854818F}.Release|Any CPU.Build.0 = Release|Any CPU
		{74D3F068-8FA2-4362-9AAF-0BD66854818F}.Release|Mixed Platforms.ActiveCfg = Release|Any CPU
		{74D3F068-8FA2-4362-9AAF-0BD66854818F}.Release|Mixed Platforms.Build.0 = Release|Any CPU
		{74D3F068-8FA2-4362-9AAF-0BD66854818F}.Release|x64.ActiveCfg = Release|x64
		{74D3F068-8FA2-4362-9AAF-0BD66854818F}.Release|x64.Build.0 = Release|x64
		{74D3F068-8FA2-4362-9AAF-0BD66854818F}.Release|x86.ActiveCfg = Release|x64
		{74D3F068-8FA2-4362-9AAF-0BD66854818F}.ReleaseCS|Any CPU.ActiveCfg = Release|Any CPU
		{74D3F068-8FA2-4362-9AAF-0BD66854818F}.ReleaseCS|Mixed Platforms.ActiveCfg = Release|Any CPU
		{74D3F068-8FA2-4362-9AAF-0BD66854818F}.ReleaseCS|x64.ActiveCfg = Release|x64
		{74D3F068-8FA2-4362-9AAF-0BD66854818F}.ReleaseCS|x86.ActiveCfg = GUITest|x86
		{A5D26432-3DE1-4AF1-B1DD-072E19110D13}.Debug|Any CPU.ActiveCfg = Debug|x64
		{A5D26432-3DE1-4AF1-B1DD-072E19110D13}.Debug|Any CPU.Build.0 = Debug|x64
		{A5D26432-3DE1-4AF1-B1DD-072E19110D13}.Debug|Mixed Platforms.ActiveCfg = Debug|Any CPU
		{A5D26432-3DE1-4AF1-B1DD-072E19110D13}.Debug|Mixed Platforms.Build.0 = Debug|Any CPU
		{A5D26432-3DE1-4AF1-B1DD-072E19110D13}.Debug|x64.ActiveCfg = Debug|x64
		{A5D26432-3DE1-4AF1-B1DD-072E19110D13}.Debug|x64.Build.0 = Debug|x64
		{A5D26432-3DE1-4AF1-B1DD-072E19110D13}.Debug|x86.ActiveCfg = Debug|x64
		{A5D26432-3DE1-4AF1-B1DD-072E19110D13}.DebugCS|Any CPU.ActiveCfg = DebugGuiTester|Any CPU
		{A5D26432-3DE1-4AF1-B1DD-072E19110D13}.DebugCS|Mixed Platforms.ActiveCfg = DebugGuiTester|Any CPU
		{A5D26432-3DE1-4AF1-B1DD-072E19110D13}.DebugCS|x64.ActiveCfg = DebugGuiTester|x64
		{A5D26432-3DE1-4AF1-B1DD-072E19110D13}.DebugCS|x86.ActiveCfg = GUITest|x86
		{A5D26432-3DE1-4AF1-B1DD-072E19110D13}.DebugGuiTester|Any CPU.ActiveCfg = DebugGuiTester|Any CPU
		{A5D26432-3DE1-4AF1-B1DD-072E19110D13}.DebugGuiTester|Any CPU.Build.0 = DebugGuiTester|Any CPU
		{A5D26432-3DE1-4AF1-B1DD-072E19110D13}.DebugGuiTester|Mixed Platforms.ActiveCfg = DebugGuiTester|Any CPU
		{A5D26432-3DE1-4AF1-B1DD-072E19110D13}.DebugGuiTester|Mixed Platforms.Build.0 = DebugGuiTester|Any CPU
		{A5D26432-3DE1-4AF1-B1DD-072E19110D13}.DebugGuiTester|x64.ActiveCfg = DebugGuiTester|x64
		{A5D26432-3DE1-4AF1-B1DD-072E19110D13}.DebugGuiTester|x64.Build.0 = DebugGuiTester|x64
		{A5D26432-3DE1-4AF1-B1DD-072E19110D13}.DebugGuiTester|x86.ActiveCfg = DebugGuiTester|x64
		{A5D26432-3DE1-4AF1-B1DD-072E19110D13}.GUITest|Any CPU.ActiveCfg = GUITest|Any CPU
		{A5D26432-3DE1-4AF1-B1DD-072E19110D13}.GUITest|Any CPU.Build.0 = GUITest|Any CPU
		{A5D26432-3DE1-4AF1-B1DD-072E19110D13}.GUITest|Mixed Platforms.ActiveCfg = GUITest|x86
		{A5D26432-3DE1-4AF1-B1DD-072E19110D13}.GUITest|Mixed Platforms.Build.0 = GUITest|x86
		{A5D26432-3DE1-4AF1-B1DD-072E19110D13}.GUITest|x64.ActiveCfg = GUITest|x64
		{A5D26432-3DE1-4AF1-B1DD-072E19110D13}.GUITest|x64.Build.0 = GUITest|x64
		{A5D26432-3DE1-4AF1-B1DD-072E19110D13}.GUITest|x86.ActiveCfg = GUITest|x86
		{A5D26432-3DE1-4AF1-B1DD-072E19110D13}.GUITest|x86.Build.0 = GUITest|x86
		{A5D26432-3DE1-4AF1-B1DD-072E19110D13}.Release|Any CPU.ActiveCfg = Release|Any CPU
		{A5D26432-3DE1-4AF1-B1DD-072E19110D13}.Release|Any CPU.Build.0 = Release|Any CPU
		{A5D26432-3DE1-4AF1-B1DD-072E19110D13}.Release|Mixed Platforms.ActiveCfg = Release|Any CPU
		{A5D26432-3DE1-4AF1-B1DD-072E19110D13}.Release|Mixed Platforms.Build.0 = Release|Any CPU
		{A5D26432-3DE1-4AF1-B1DD-072E19110D13}.Release|x64.ActiveCfg = Release|x64
		{A5D26432-3DE1-4AF1-B1DD-072E19110D13}.Release|x64.Build.0 = Release|x64
		{A5D26432-3DE1-4AF1-B1DD-072E19110D13}.Release|x86.ActiveCfg = Release|x64
		{A5D26432-3DE1-4AF1-B1DD-072E19110D13}.ReleaseCS|Any CPU.ActiveCfg = Release|Any CPU
		{A5D26432-3DE1-4AF1-B1DD-072E19110D13}.ReleaseCS|Mixed Platforms.ActiveCfg = Release|Any CPU
		{A5D26432-3DE1-4AF1-B1DD-072E19110D13}.ReleaseCS|x64.ActiveCfg = Release|x64
		{A5D26432-3DE1-4AF1-B1DD-072E19110D13}.ReleaseCS|x86.ActiveCfg = GUITest|x86
		{64B986C4-F26E-44B1-A16B-097B53922C0F}.Debug|Any CPU.ActiveCfg = Debug|x86
		{64B986C4-F26E-44B1-A16B-097B53922C0F}.Debug|Mixed Platforms.ActiveCfg = Debug|x86
		{64B986C4-F26E-44B1-A16B-097B53922C0F}.Debug|Mixed Platforms.Build.0 = Debug|x86
		{64B986C4-F26E-44B1-A16B-097B53922C0F}.Debug|x64.ActiveCfg = Debug|x86
		{64B986C4-F26E-44B1-A16B-097B53922C0F}.Debug|x86.ActiveCfg = Debug|x86
		{64B986C4-F26E-44B1-A16B-097B53922C0F}.Debug|x86.Build.0 = Debug|x86
		{64B986C4-F26E-44B1-A16B-097B53922C0F}.DebugCS|Any CPU.ActiveCfg = DebugGuiTester|Any CPU
		{64B986C4-F26E-44B1-A16B-097B53922C0F}.DebugCS|Mixed Platforms.ActiveCfg = DebugGuiTester|x86
		{64B986C4-F26E-44B1-A16B-097B53922C0F}.DebugCS|x64.ActiveCfg = DebugGuiTester|Any CPU
		{64B986C4-F26E-44B1-A16B-097B53922C0F}.DebugCS|x86.ActiveCfg = DebugGuiTester|x86
		{64B986C4-F26E-44B1-A16B-097B53922C0F}.DebugGuiTester|Any CPU.ActiveCfg = DebugGuiTester|x86
		{64B986C4-F26E-44B1-A16B-097B53922C0F}.DebugGuiTester|Mixed Platforms.ActiveCfg = DebugGuiTester|Any CPU
		{64B986C4-F26E-44B1-A16B-097B53922C0F}.DebugGuiTester|Mixed Platforms.Build.0 = DebugGuiTester|Any CPU
		{64B986C4-F26E-44B1-A16B-097B53922C0F}.DebugGuiTester|x64.ActiveCfg = DebugGuiTester|x86
		{64B986C4-F26E-44B1-A16B-097B53922C0F}.DebugGuiTester|x86.ActiveCfg = DebugGuiTester|x86
		{64B986C4-F26E-44B1-A16B-097B53922C0F}.DebugGuiTester|x86.Build.0 = DebugGuiTester|x86
		{64B986C4-F26E-44B1-A16B-097B53922C0F}.GUITest|Any CPU.ActiveCfg = Release|x86
		{64B986C4-F26E-44B1-A16B-097B53922C0F}.GUITest|Mixed Platforms.ActiveCfg = Release|x86
		{64B986C4-F26E-44B1-A16B-097B53922C0F}.GUITest|Mixed Platforms.Build.0 = Release|x86
		{64B986C4-F26E-44B1-A16B-097B53922C0F}.GUITest|x64.ActiveCfg = Release|x86
		{64B986C4-F26E-44B1-A16B-097B53922C0F}.GUITest|x86.ActiveCfg = Release|x86
		{64B986C4-F26E-44B1-A16B-097B53922C0F}.Release|Any CPU.ActiveCfg = Release|x86
		{64B986C4-F26E-44B1-A16B-097B53922C0F}.Release|Mixed Platforms.ActiveCfg = Release|x86
		{64B986C4-F26E-44B1-A16B-097B53922C0F}.Release|Mixed Platforms.Build.0 = Release|x86
		{64B986C4-F26E-44B1-A16B-097B53922C0F}.Release|x64.ActiveCfg = Release|x86
		{64B986C4-F26E-44B1-A16B-097B53922C0F}.Release|x86.ActiveCfg = Release|x86
		{64B986C4-F26E-44B1-A16B-097B53922C0F}.Release|x86.Build.0 = Release|x86
		{64B986C4-F26E-44B1-A16B-097B53922C0F}.ReleaseCS|Any CPU.ActiveCfg = DebugGuiTester|Any CPU
		{64B986C4-F26E-44B1-A16B-097B53922C0F}.ReleaseCS|Mixed Platforms.ActiveCfg = Release|x86
		{64B986C4-F26E-44B1-A16B-097B53922C0F}.ReleaseCS|x64.ActiveCfg = DebugGuiTester|Any CPU
		{64B986C4-F26E-44B1-A16B-097B53922C0F}.ReleaseCS|x86.ActiveCfg = Release|x86
		{A1CDB92C-75FB-46A5-94E9-BB7C07259CCC}.Debug|Any CPU.ActiveCfg = Debug|x86
		{A1CDB92C-75FB-46A5-94E9-BB7C07259CCC}.Debug|Mixed Platforms.ActiveCfg = Debug|x86
		{A1CDB92C-75FB-46A5-94E9-BB7C07259CCC}.Debug|Mixed Platforms.Build.0 = Debug|x86
		{A1CDB92C-75FB-46A5-94E9-BB7C07259CCC}.Debug|x64.ActiveCfg = Debug|x86
		{A1CDB92C-75FB-46A5-94E9-BB7C07259CCC}.Debug|x86.ActiveCfg = Debug|x86
		{A1CDB92C-75FB-46A5-94E9-BB7C07259CCC}.Debug|x86.Build.0 = Debug|x86
		{A1CDB92C-75FB-46A5-94E9-BB7C07259CCC}.DebugCS|Any CPU.ActiveCfg = Release|x86
		{A1CDB92C-75FB-46A5-94E9-BB7C07259CCC}.DebugCS|Mixed Platforms.ActiveCfg = Debug|x86
		{A1CDB92C-75FB-46A5-94E9-BB7C07259CCC}.DebugCS|x64.ActiveCfg = Release|x86
		{A1CDB92C-75FB-46A5-94E9-BB7C07259CCC}.DebugCS|x86.ActiveCfg = Debug|x86
		{A1CDB92C-75FB-46A5-94E9-BB7C07259CCC}.DebugGuiTester|Any CPU.ActiveCfg = Release|x86
		{A1CDB92C-75FB-46A5-94E9-BB7C07259CCC}.DebugGuiTester|Any CPU.Build.0 = Release|x86
		{A1CDB92C-75FB-46A5-94E9-BB7C07259CCC}.DebugGuiTester|Mixed Platforms.ActiveCfg = Debug|x86
		{A1CDB92C-75FB-46A5-94E9-BB7C07259CCC}.DebugGuiTester|Mixed Platforms.Build.0 = Debug|x86
		{A1CDB92C-75FB-46A5-94E9-BB7C07259CCC}.DebugGuiTester|x64.ActiveCfg = Release|x86
		{A1CDB92C-75FB-46A5-94E9-BB7C07259CCC}.DebugGuiTester|x64.Build.0 = Release|x86
		{A1CDB92C-75FB-46A5-94E9-BB7C07259CCC}.DebugGuiTester|x86.ActiveCfg = Debug|x86
		{A1CDB92C-75FB-46A5-94E9-BB7C07259CCC}.DebugGuiTester|x86.Build.0 = Debug|x86
		{A1CDB92C-75FB-46A5-94E9-BB7C07259CCC}.GUITest|Any CPU.ActiveCfg = Release|x86
		{A1CDB92C-75FB-46A5-94E9-BB7C07259CCC}.GUITest|Any CPU.Build.0 = Release|x86
		{A1CDB92C-75FB-46A5-94E9-BB7C07259CCC}.GUITest|Mixed Platforms.ActiveCfg = Release|x86
		{A1CDB92C-75FB-46A5-94E9-BB7C07259CCC}.GUITest|Mixed Platforms.Build.0 = Release|x86
		{A1CDB92C-75FB-46A5-94E9-BB7C07259CCC}.GUITest|x64.ActiveCfg = Release|x86
		{A1CDB92C-75FB-46A5-94E9-BB7C07259CCC}.GUITest|x64.Build.0 = Release|x86
		{A1CDB92C-75FB-46A5-94E9-BB7C07259CCC}.GUITest|x86.ActiveCfg = Release|x86
		{A1CDB92C-75FB-46A5-94E9-BB7C07259CCC}.GUITest|x86.Build.0 = Release|x86
		{A1CDB92C-75FB-46A5-94E9-BB7C07259CCC}.Release|Any CPU.ActiveCfg = Release|x86
		{A1CDB92C-75FB-46A5-94E9-BB7C07259CCC}.Release|Mixed Platforms.ActiveCfg = Release|x86
		{A1CDB92C-75FB-46A5-94E9-BB7C07259CCC}.Release|Mixed Platforms.Build.0 = Release|x86
		{A1CDB92C-75FB-46A5-94E9-BB7C07259CCC}.Release|x64.ActiveCfg = Release|x86
		{A1CDB92C-75FB-46A5-94E9-BB7C07259CCC}.Release|x86.ActiveCfg = Release|x86
		{A1CDB92C-75FB-46A5-94E9-BB7C07259CCC}.Release|x86.Build.0 = Release|x86
		{A1CDB92C-75FB-46A5-94E9-BB7C07259CCC}.ReleaseCS|Any CPU.ActiveCfg = Release|x86
		{A1CDB92C-75FB-46A5-94E9-BB7C07259CCC}.ReleaseCS|Mixed Platforms.ActiveCfg = Release|x86
		{A1CDB92C-75FB-46A5-94E9-BB7C07259CCC}.ReleaseCS|x64.ActiveCfg = Release|x86
		{A1CDB92C-75FB-46A5-94E9-BB7C07259CCC}.ReleaseCS|x86.ActiveCfg = Release|x86
		{4427E953-8A5C-463E-8926-6EFF8397D138}.Debug|Any CPU.ActiveCfg = Debug|x64
		{4427E953-8A5C-463E-8926-6EFF8397D138}.Debug|Any CPU.Build.0 = Debug|x64
		{4427E953-8A5C-463E-8926-6EFF8397D138}.Debug|Mixed Platforms.ActiveCfg = Debug|Any CPU
		{4427E953-8A5C-463E-8926-6EFF8397D138}.Debug|Mixed Platforms.Build.0 = Debug|Any CPU
		{4427E953-8A5C-463E-8926-6EFF8397D138}.Debug|x64.ActiveCfg = Debug|x64
		{4427E953-8A5C-463E-8926-6EFF8397D138}.Debug|x64.Build.0 = Debug|x64
		{4427E953-8A5C-463E-8926-6EFF8397D138}.Debug|x86.ActiveCfg = Debug|Any CPU
		{4427E953-8A5C-463E-8926-6EFF8397D138}.DebugCS|Any CPU.ActiveCfg = DebugCS|Any CPU
		{4427E953-8A5C-463E-8926-6EFF8397D138}.DebugCS|Any CPU.Build.0 = DebugCS|Any CPU
		{4427E953-8A5C-463E-8926-6EFF8397D138}.DebugCS|Mixed Platforms.ActiveCfg = DebugCS|x86
		{4427E953-8A5C-463E-8926-6EFF8397D138}.DebugCS|x64.ActiveCfg = DebugCS|x64
		{4427E953-8A5C-463E-8926-6EFF8397D138}.DebugCS|x64.Build.0 = DebugCS|x64
		{4427E953-8A5C-463E-8926-6EFF8397D138}.DebugCS|x86.ActiveCfg = DebugCS|x86
		{4427E953-8A5C-463E-8926-6EFF8397D138}.DebugCS|x86.Build.0 = DebugCS|x86
		{4427E953-8A5C-463E-8926-6EFF8397D138}.DebugGuiTester|Any CPU.ActiveCfg = DebugGuiTester|Any CPU
		{4427E953-8A5C-463E-8926-6EFF8397D138}.DebugGuiTester|Any CPU.Build.0 = DebugGuiTester|Any CPU
		{4427E953-8A5C-463E-8926-6EFF8397D138}.DebugGuiTester|Mixed Platforms.ActiveCfg = DebugGuiTester|Any CPU
		{4427E953-8A5C-463E-8926-6EFF8397D138}.DebugGuiTester|Mixed Platforms.Build.0 = DebugGuiTester|Any CPU
		{4427E953-8A5C-463E-8926-6EFF8397D138}.DebugGuiTester|x64.ActiveCfg = DebugGuiTester|Any CPU
		{4427E953-8A5C-463E-8926-6EFF8397D138}.DebugGuiTester|x86.ActiveCfg = DebugGuiTester|Any CPU
		{4427E953-8A5C-463E-8926-6EFF8397D138}.GUITest|Any CPU.ActiveCfg = GUITest|Any CPU
		{4427E953-8A5C-463E-8926-6EFF8397D138}.GUITest|Any CPU.Build.0 = GUITest|Any CPU
		{4427E953-8A5C-463E-8926-6EFF8397D138}.GUITest|Mixed Platforms.ActiveCfg = GUITest|x64
		{4427E953-8A5C-463E-8926-6EFF8397D138}.GUITest|x64.ActiveCfg = GUITest|x64
		{4427E953-8A5C-463E-8926-6EFF8397D138}.GUITest|x64.Build.0 = GUITest|x64
		{4427E953-8A5C-463E-8926-6EFF8397D138}.GUITest|x86.ActiveCfg = GUITest|x86
		{4427E953-8A5C-463E-8926-6EFF8397D138}.GUITest|x86.Build.0 = GUITest|x86
		{4427E953-8A5C-463E-8926-6EFF8397D138}.Release|Any CPU.ActiveCfg = Release|Any CPU
		{4427E953-8A5C-463E-8926-6EFF8397D138}.Release|Any CPU.Build.0 = Release|Any CPU
		{4427E953-8A5C-463E-8926-6EFF8397D138}.Release|Mixed Platforms.ActiveCfg = Release|Any CPU
		{4427E953-8A5C-463E-8926-6EFF8397D138}.Release|Mixed Platforms.Build.0 = Release|Any CPU
		{4427E953-8A5C-463E-8926-6EFF8397D138}.Release|x64.ActiveCfg = Release|x64
		{4427E953-8A5C-463E-8926-6EFF8397D138}.Release|x64.Build.0 = Release|x64
		{4427E953-8A5C-463E-8926-6EFF8397D138}.Release|x86.ActiveCfg = Release|Any CPU
		{4427E953-8A5C-463E-8926-6EFF8397D138}.ReleaseCS|Any CPU.ActiveCfg = ReleaseCS|Any CPU
		{4427E953-8A5C-463E-8926-6EFF8397D138}.ReleaseCS|Any CPU.Build.0 = ReleaseCS|Any CPU
		{4427E953-8A5C-463E-8926-6EFF8397D138}.ReleaseCS|Mixed Platforms.ActiveCfg = ReleaseCS|x86
		{4427E953-8A5C-463E-8926-6EFF8397D138}.ReleaseCS|x64.ActiveCfg = ReleaseCS|x64
		{4427E953-8A5C-463E-8926-6EFF8397D138}.ReleaseCS|x64.Build.0 = ReleaseCS|x64
		{4427E953-8A5C-463E-8926-6EFF8397D138}.ReleaseCS|x86.ActiveCfg = ReleaseCS|x86
		{4427E953-8A5C-463E-8926-6EFF8397D138}.ReleaseCS|x86.Build.0 = ReleaseCS|x86
		{8DB3058E-15D9-4265-BA2C-E025941D0C90}.Debug|Any CPU.ActiveCfg = Debug|x64
		{8DB3058E-15D9-4265-BA2C-E025941D0C90}.Debug|Any CPU.Build.0 = Debug|x64
		{8DB3058E-15D9-4265-BA2C-E025941D0C90}.Debug|Any CPU.Deploy.0 = Debug|x64
		{8DB3058E-15D9-4265-BA2C-E025941D0C90}.Debug|Mixed Platforms.ActiveCfg = Debug|Any CPU
		{8DB3058E-15D9-4265-BA2C-E025941D0C90}.Debug|Mixed Platforms.Build.0 = Debug|Any CPU
		{8DB3058E-15D9-4265-BA2C-E025941D0C90}.Debug|x64.ActiveCfg = Debug|x64
		{8DB3058E-15D9-4265-BA2C-E025941D0C90}.Debug|x64.Build.0 = Debug|x64
		{8DB3058E-15D9-4265-BA2C-E025941D0C90}.Debug|x86.ActiveCfg = Debug|Any CPU
		{8DB3058E-15D9-4265-BA2C-E025941D0C90}.DebugCS|Any CPU.ActiveCfg = Debug|Any CPU
		{8DB3058E-15D9-4265-BA2C-E025941D0C90}.DebugCS|Mixed Platforms.ActiveCfg = Debug|Any CPU
		{8DB3058E-15D9-4265-BA2C-E025941D0C90}.DebugCS|x64.ActiveCfg = Debug|x64
		{8DB3058E-15D9-4265-BA2C-E025941D0C90}.DebugCS|x86.ActiveCfg = Debug|Any CPU
		{8DB3058E-15D9-4265-BA2C-E025941D0C90}.DebugGuiTester|Any CPU.ActiveCfg = Debug|Any CPU
		{8DB3058E-15D9-4265-BA2C-E025941D0C90}.DebugGuiTester|Any CPU.Build.0 = Debug|Any CPU
		{8DB3058E-15D9-4265-BA2C-E025941D0C90}.DebugGuiTester|Mixed Platforms.ActiveCfg = Debug|Any CPU
		{8DB3058E-15D9-4265-BA2C-E025941D0C90}.DebugGuiTester|Mixed Platforms.Build.0 = Debug|Any CPU
		{8DB3058E-15D9-4265-BA2C-E025941D0C90}.DebugGuiTester|x64.ActiveCfg = Debug|Any CPU
		{8DB3058E-15D9-4265-BA2C-E025941D0C90}.DebugGuiTester|x86.ActiveCfg = Debug|Any CPU
		{8DB3058E-15D9-4265-BA2C-E025941D0C90}.GUITest|Any CPU.ActiveCfg = Release|Any CPU
		{8DB3058E-15D9-4265-BA2C-E025941D0C90}.GUITest|Any CPU.Build.0 = Release|Any CPU
		{8DB3058E-15D9-4265-BA2C-E025941D0C90}.GUITest|Mixed Platforms.ActiveCfg = Release|Any CPU
		{8DB3058E-15D9-4265-BA2C-E025941D0C90}.GUITest|Mixed Platforms.Build.0 = Release|Any CPU
		{8DB3058E-15D9-4265-BA2C-E025941D0C90}.GUITest|x64.ActiveCfg = Release|Any CPU
		{8DB3058E-15D9-4265-BA2C-E025941D0C90}.GUITest|x86.ActiveCfg = Release|Any CPU
		{8DB3058E-15D9-4265-BA2C-E025941D0C90}.Release|Any CPU.ActiveCfg = Release|Any CPU
		{8DB3058E-15D9-4265-BA2C-E025941D0C90}.Release|Any CPU.Build.0 = Release|Any CPU
		{8DB3058E-15D9-4265-BA2C-E025941D0C90}.Release|Mixed Platforms.ActiveCfg = Release|Any CPU
		{8DB3058E-15D9-4265-BA2C-E025941D0C90}.Release|Mixed Platforms.Build.0 = Release|Any CPU
		{8DB3058E-15D9-4265-BA2C-E025941D0C90}.Release|x64.ActiveCfg = Release|Any CPU
		{8DB3058E-15D9-4265-BA2C-E025941D0C90}.Release|x86.ActiveCfg = Release|Any CPU
		{8DB3058E-15D9-4265-BA2C-E025941D0C90}.ReleaseCS|Any CPU.ActiveCfg = Release|Any CPU
		{8DB3058E-15D9-4265-BA2C-E025941D0C90}.ReleaseCS|Mixed Platforms.ActiveCfg = Release|Any CPU
		{8DB3058E-15D9-4265-BA2C-E025941D0C90}.ReleaseCS|x64.ActiveCfg = Debug|x64
		{8DB3058E-15D9-4265-BA2C-E025941D0C90}.ReleaseCS|x86.ActiveCfg = Release|Any CPU
	EndGlobalSection
	GlobalSection(SolutionProperties) = preSolution
		HideSolutionNode = FALSE
	EndGlobalSection
	GlobalSection(ExtensibilityGlobals) = postSolution
		SolutionGuid = {4932133D-022D-46BF-8E78-DEE8FA8B9468}
	EndGlobalSection
EndGlobal
